{
    "version": 3,
    "terraform_version": "0.8.5",
    "serial": 17,
    "lineage": "1de3739b-b1ef-44ea-ba2c-be8752451ba9",
    "modules": [
        {
            "path": [
                "root"
            ],
            "outputs": {
                "elb_address": {
                    "sensitive": false,
                    "type": "string",
                    "value": "internal-eventstore-elb-1320141779.us-east-1.elb.amazonaws.com"
                },
                "elb_name": {
                    "sensitive": false,
                    "type": "string",
                    "value": "eventstore-elb"
                },
                "elb_sg_id": {
                    "sensitive": false,
                    "type": "string",
                    "value": "sg-379d1148"
                },
                "private_subnets": {
                    "sensitive": false,
                    "type": "string",
                    "value": "subnet-2ee21b66,subnet-6f878234,subnet-40e3a325"
                },
                "public_subnets": {
                    "sensitive": false,
                    "type": "string",
                    "value": "subnet-19ef1651,subnet-a68782fd,subnet-93e3a3f6"
                },
                "vpc_id": {
                    "sensitive": false,
                    "type": "string",
                    "value": "vpc-b0416cd6"
                },
                "vpn_setup_command": {
                    "sensitive": false,
                    "type": "string",
                    "value": "ssh openvpnas@34.207.182.171"
                },
                "vpn_web_console": {
                    "sensitive": false,
                    "type": "string",
                    "value": "https://34.207.182.171/"
                }
            },
            "resources": {
                "aws_key_pair.deployer": {
                    "type": "aws_key_pair",
                    "depends_on": [],
                    "primary": {
                        "id": "es-infrastructure-deployer-key",
                        "attributes": {
                            "fingerprint": "8e:7d:7d:8e:9c:47:39:69:9b:a7:1e:92:64:25:43:7d",
                            "id": "es-infrastructure-deployer-key",
                            "key_name": "es-infrastructure-deployer-key",
                            "public_key": "ssh-rsa AAAAB3NzaC1yc2EAAAADAQABAAACAQCZjo5sayAMrGpSU0cpeBPtMrsQPKCAP48SxyimEZWmvgTPCgH3GE2YSBZr01RizTefA+Opy44t2s4x4l4Ysisl5WmGC3NAvleVQGq8gbYJGfimSn+VbksRxbOJA2bSuicIQBx4o62MctfDoB03P5/oN+QX2XYhOIBo20VARcFngj/l/RDAGrtxDoKvevLZ3ZAbOoBHweqAqE3ZeQwsFVVsiB+mxhX8HrcwNFMawsjAFGxC72wrnpa/rJp+Vw0na62hWCKejFXKkZCSggKMcyA6iiwFBWEUej51ciT6SiJYhOeezt+La6bAHty3c3/+LZkI4rgaDiEGwifzxiCzN2Axc/WA8mDv4ejgYp4MnjGl+QZ+G21ScF2tl6Mlf7oUPb5GGYT2lRLUxwaAFXPULgAwnnu+tvxQN8TTkAP6q41x5VTvLTq+duQa8vyI+ifkf0oRmUa0VMRF0o0b4FLJT4qw5yV+Z5VjavBwPnHgsq/F5Y8Wx+ew0zu8TclmKYj/H7RKxOvNUrz9EZP3B1yCOXM2Roo691IKFOldek977rff1Fsj2W6FqQJGRKLxxxH1Nd08kzWkIYkBiXmlS+eIX064BMZt+6sarYlTyA0+ttYOuBYJDNGZhzmw9+4y8HYbm7Olg9jsD10muoE2mn0fXQJLz93QUKUi9H7EtKt3opSHPw== pieter@pieterg.com"
                        },
                        "meta": {
                            "schema_version": "1"
                        },
                        "tainted": false
                    },
                    "deposed": [],
                    "provider": ""
                }
            },
            "depends_on": []
        },
        {
            "path": [
                "root",
                "eventstore_elb"
            ],
            "outputs": {
                "eventstore_elb_address": {
                    "sensitive": false,
                    "type": "string",
                    "value": "internal-eventstore-elb-1320141779.us-east-1.elb.amazonaws.com"
                },
                "eventstore_elb_name": {
                    "sensitive": false,
                    "type": "string",
                    "value": "eventstore-elb"
                },
                "eventstore_elb_sg": {
                    "sensitive": false,
                    "type": "string",
                    "value": "sg-379d1148"
                }
            },
            "resources": {
                "aws_elb.eventstore_elb": {
                    "type": "aws_elb",
                    "depends_on": [
                        "aws_security_group.eventstore_elb_sg"
                    ],
                    "primary": {
                        "id": "eventstore-elb",
                        "attributes": {
                            "access_logs.#": "0",
                            "availability_zones.#": "3",
                            "availability_zones.1305112097": "us-east-1b",
                            "availability_zones.3569565595": "us-east-1a",
                            "availability_zones.986537655": "us-east-1c",
                            "connection_draining": "true",
                            "connection_draining_timeout": "300",
                            "cross_zone_load_balancing": "true",
                            "dns_name": "internal-eventstore-elb-1320141779.us-east-1.elb.amazonaws.com",
                            "health_check.#": "1",
                            "health_check.0.healthy_threshold": "2",
                            "health_check.0.interval": "10",
                            "health_check.0.target": "HTTP:2113/stats",
                            "health_check.0.timeout": "5",
                            "health_check.0.unhealthy_threshold": "2",
                            "id": "eventstore-elb",
                            "idle_timeout": "60",
                            "instances.#": "0",
                            "internal": "true",
                            "listener.#": "1",
                            "listener.376293532.instance_port": "2113",
                            "listener.376293532.instance_protocol": "tcp",
                            "listener.376293532.lb_port": "2113",
                            "listener.376293532.lb_protocol": "tcp",
                            "listener.376293532.ssl_certificate_id": "",
                            "name": "eventstore-elb",
                            "security_groups.#": "1",
                            "security_groups.2610293827": "sg-379d1148",
                            "source_security_group": "641824748785/eventstore-elb-sg",
                            "source_security_group_id": "sg-379d1148",
                            "subnets.#": "3",
                            "subnets.1957757534": "subnet-2ee21b66",
                            "subnets.2772777954": "subnet-40e3a325",
                            "subnets.992900659": "subnet-6f878234",
                            "tags.%": "0",
                            "zone_id": "Z35SXDOTRQ7X7K"
                        },
                        "meta": {},
                        "tainted": false
                    },
                    "deposed": [],
                    "provider": ""
                },
                "aws_security_group.eventstore_elb_sg": {
                    "type": "aws_security_group",
                    "depends_on": [],
                    "primary": {
                        "id": "sg-379d1148",
                        "attributes": {
                            "description": "Security group for Event Store ELB",
                            "egress.#": "1",
                            "egress.482069346.cidr_blocks.#": "1",
                            "egress.482069346.cidr_blocks.0": "0.0.0.0/0",
                            "egress.482069346.from_port": "0",
                            "egress.482069346.prefix_list_ids.#": "0",
                            "egress.482069346.protocol": "-1",
                            "egress.482069346.security_groups.#": "0",
                            "egress.482069346.self": "false",
                            "egress.482069346.to_port": "0",
                            "id": "sg-379d1148",
                            "ingress.#": "1",
                            "ingress.486594599.cidr_blocks.#": "1",
                            "ingress.486594599.cidr_blocks.0": "0.0.0.0/0",
                            "ingress.486594599.from_port": "2113",
                            "ingress.486594599.protocol": "tcp",
                            "ingress.486594599.security_groups.#": "0",
                            "ingress.486594599.self": "false",
                            "ingress.486594599.to_port": "2113",
                            "name": "eventstore-elb-sg",
                            "owner_id": "641824748785",
                            "tags.%": "1",
                            "tags.Name": "EventStore UI Load Balancer",
                            "vpc_id": "vpc-b0416cd6"
                        },
                        "meta": {},
                        "tainted": false
                    },
                    "deposed": [],
                    "provider": ""
                }
            },
            "depends_on": []
        },
        {
            "path": [
                "root",
                "eventstore_nat"
            ],
            "outputs": {
                "nat_sg_id": {
                    "sensitive": false,
                    "type": "string",
                    "value": "sg-92800ced"
                }
            },
            "resources": {
                "aws_autoscaling_group.nat": {
                    "type": "aws_autoscaling_group",
                    "depends_on": [
                        "aws_launch_configuration.nat"
                    ],
                    "primary": {
                        "id": "eventstore-vpc-nat",
                        "attributes": {
                            "arn": "arn:aws:autoscaling:us-east-1:641824748785:autoScalingGroup:0d0fb415-1f24-41f0-b451-9ba082cae858:autoScalingGroupName/eventstore-vpc-nat",
                            "availability_zones.#": "3",
                            "availability_zones.1305112097": "us-east-1b",
                            "availability_zones.3569565595": "us-east-1a",
                            "availability_zones.986537655": "us-east-1c",
                            "default_cooldown": "30",
                            "desired_capacity": "1",
                            "force_delete": "true",
                            "health_check_grace_period": "30",
                            "health_check_type": "EC2",
                            "id": "eventstore-vpc-nat",
                            "launch_configuration": "terraform-0075ade871fded19f21e726356",
                            "load_balancers.#": "0",
                            "max_size": "1",
                            "metrics_granularity": "1Minute",
                            "min_size": "1",
                            "name": "eventstore-vpc-nat",
                            "placement_group": "",
                            "protect_from_scale_in": "false",
                            "suspended_processes.#": "0",
                            "tag.#": "1",
                            "tag.930914510.key": "Name",
                            "tag.930914510.propagate_at_launch": "true",
                            "tag.930914510.value": "eventstore-vpc-nat",
                            "target_group_arns.#": "0",
                            "termination_policies.#": "0",
                            "vpc_zone_identifier.#": "3",
                            "vpc_zone_identifier.1215757636": "subnet-93e3a3f6",
                            "vpc_zone_identifier.220508025": "subnet-19ef1651",
                            "vpc_zone_identifier.3955203518": "subnet-a68782fd",
                            "wait_for_capacity_timeout": "10m"
                        },
                        "meta": {},
                        "tainted": false
                    },
                    "deposed": [],
                    "provider": ""
                },
                "aws_iam_instance_profile.nat": {
                    "type": "aws_iam_instance_profile",
                    "depends_on": [
                        "aws_iam_role.nat"
                    ],
                    "primary": {
                        "id": "HA-NAT",
                        "attributes": {
                            "arn": "arn:aws:iam::641824748785:instance-profile/HA-NAT",
                            "id": "HA-NAT",
                            "name": "HA-NAT",
                            "path": "/",
                            "roles.#": "1",
                            "roles.2590139611": "HA-NAT"
                        },
                        "meta": {},
                        "tainted": false
                    },
                    "deposed": [],
                    "provider": ""
                },
                "aws_iam_role.nat": {
                    "type": "aws_iam_role",
                    "depends_on": [],
                    "primary": {
                        "id": "HA-NAT",
                        "attributes": {
                            "arn": "arn:aws:iam::641824748785:role/HA-NAT",
                            "assume_role_policy": "{\"Version\":\"2012-10-17\",\"Statement\":[{\"Sid\":\"\",\"Effect\":\"Allow\",\"Principal\":{\"Service\":\"ec2.amazonaws.com\"},\"Action\":\"sts:AssumeRole\"}]}",
                            "create_date": "2017-03-28T08:33:18Z",
                            "id": "HA-NAT",
                            "name": "HA-NAT",
                            "path": "/",
                            "unique_id": "AROAJIUA4FMJHDURLTT3K"
                        },
                        "meta": {},
                        "tainted": false
                    },
                    "deposed": [],
                    "provider": ""
                },
                "aws_iam_role_policy.nat": {
                    "type": "aws_iam_role_policy",
                    "depends_on": [
                        "aws_iam_role.nat"
                    ],
                    "primary": {
                        "id": "HA-NAT:HA-NAT",
                        "attributes": {
                            "id": "HA-NAT:HA-NAT",
                            "name": "HA-NAT",
                            "policy": "{\n    \"Version\": \"2012-10-17\",\n    \"Statement\": [\n        {\n            \"Effect\": \"Allow\",\n            \"Action\": [\n                \"ec2:DescribeInstances\",\n                \"ec2:ModifyInstanceAttribute\",\n                \"ec2:DescribeSubnets\",\n                \"ec2:DescribeRouteTables\",\n                \"ec2:CreateRoute\",\n                \"ec2:ReplaceRoute\"\n            ],\n            \"Resource\": \"*\"\n        }\n    ]\n}\n",
                            "role": "HA-NAT"
                        },
                        "meta": {},
                        "tainted": false
                    },
                    "deposed": [],
                    "provider": ""
                },
                "aws_launch_configuration.nat": {
                    "type": "aws_launch_configuration",
                    "depends_on": [
                        "aws_iam_instance_profile.nat",
                        "aws_security_group.nat"
                    ],
                    "primary": {
                        "id": "terraform-0075ade871fded19f21e726356",
                        "attributes": {
                            "associate_public_ip_address": "true",
                            "ebs_block_device.#": "0",
                            "ebs_optimized": "false",
                            "enable_monitoring": "true",
                            "ephemeral_block_device.#": "0",
                            "iam_instance_profile": "HA-NAT",
                            "id": "terraform-0075ade871fded19f21e726356",
                            "image_id": "ami-354cfd5e",
                            "instance_type": "t2.micro",
                            "key_name": "es-infrastructure-deployer-key",
                            "name": "terraform-0075ade871fded19f21e726356",
                            "root_block_device.#": "0",
                            "security_groups.#": "1",
                            "security_groups.1213958643": "sg-92800ced",
                            "spot_price": "",
                            "user_data": "3f1ba193e42308a380c0809896e93f14967d33e0",
                            "vpc_classic_link_id": "",
                            "vpc_classic_link_security_groups.#": "0"
                        },
                        "meta": {},
                        "tainted": false
                    },
                    "deposed": [],
                    "provider": ""
                },
                "aws_security_group.nat": {
                    "type": "aws_security_group",
                    "depends_on": [],
                    "primary": {
                        "id": "sg-92800ced",
                        "attributes": {
                            "description": "Security group for NAT instances",
                            "egress.#": "2",
                            "egress.1403647648.cidr_blocks.#": "1",
                            "egress.1403647648.cidr_blocks.0": "0.0.0.0/0",
                            "egress.1403647648.from_port": "0",
                            "egress.1403647648.prefix_list_ids.#": "0",
                            "egress.1403647648.protocol": "tcp",
                            "egress.1403647648.security_groups.#": "0",
                            "egress.1403647648.self": "false",
                            "egress.1403647648.to_port": "65535",
                            "egress.1658409207.cidr_blocks.#": "1",
                            "egress.1658409207.cidr_blocks.0": "10.15.0.0/16",
                            "egress.1658409207.from_port": "22",
                            "egress.1658409207.prefix_list_ids.#": "0",
                            "egress.1658409207.protocol": "tcp",
                            "egress.1658409207.security_groups.#": "0",
                            "egress.1658409207.self": "false",
                            "egress.1658409207.to_port": "22",
                            "id": "sg-92800ced",
                            "ingress.#": "6",
                            "ingress.1905107023.cidr_blocks.#": "1",
                            "ingress.1905107023.cidr_blocks.0": "10.15.0.0/16",
                            "ingress.1905107023.from_port": "-1",
                            "ingress.1905107023.protocol": "icmp",
                            "ingress.1905107023.security_groups.#": "0",
                            "ingress.1905107023.self": "false",
                            "ingress.1905107023.to_port": "-1",
                            "ingress.2541437006.cidr_blocks.#": "1",
                            "ingress.2541437006.cidr_blocks.0": "0.0.0.0/0",
                            "ingress.2541437006.from_port": "22",
                            "ingress.2541437006.protocol": "tcp",
                            "ingress.2541437006.security_groups.#": "0",
                            "ingress.2541437006.self": "false",
                            "ingress.2541437006.to_port": "22",
                            "ingress.2878339868.cidr_blocks.#": "1",
                            "ingress.2878339868.cidr_blocks.0": "10.15.0.0/16",
                            "ingress.2878339868.from_port": "443",
                            "ingress.2878339868.protocol": "tcp",
                            "ingress.2878339868.security_groups.#": "0",
                            "ingress.2878339868.self": "false",
                            "ingress.2878339868.to_port": "443",
                            "ingress.317234155.cidr_blocks.#": "1",
                            "ingress.317234155.cidr_blocks.0": "10.15.0.0/16",
                            "ingress.317234155.from_port": "53",
                            "ingress.317234155.protocol": "udp",
                            "ingress.317234155.security_groups.#": "0",
                            "ingress.317234155.self": "false",
                            "ingress.317234155.to_port": "53",
                            "ingress.3641475992.cidr_blocks.#": "1",
                            "ingress.3641475992.cidr_blocks.0": "10.15.0.0/16",
                            "ingress.3641475992.from_port": "123",
                            "ingress.3641475992.protocol": "udp",
                            "ingress.3641475992.security_groups.#": "0",
                            "ingress.3641475992.self": "false",
                            "ingress.3641475992.to_port": "123",
                            "ingress.3647249833.cidr_blocks.#": "1",
                            "ingress.3647249833.cidr_blocks.0": "10.15.0.0/16",
                            "ingress.3647249833.from_port": "80",
                            "ingress.3647249833.protocol": "tcp",
                            "ingress.3647249833.security_groups.#": "0",
                            "ingress.3647249833.self": "false",
                            "ingress.3647249833.to_port": "80",
                            "name": "nat-sg",
                            "owner_id": "641824748785",
                            "tags.%": "1",
                            "tags.Name": "sg-nat",
                            "vpc_id": "vpc-b0416cd6"
                        },
                        "meta": {},
                        "tainted": false
                    },
                    "deposed": [],
                    "provider": ""
                }
            },
            "depends_on": []
        },
        {
            "path": [
                "root",
                "eventstore_vpc"
            ],
            "outputs": {
                "cidr_block": {
                    "sensitive": false,
                    "type": "string",
                    "value": "10.15.0.0/16"
                },
                "name": {
                    "sensitive": false,
                    "type": "string",
                    "value": "eventstore-vpc"
                },
                "private_availability_zones": {
                    "sensitive": false,
                    "type": "string",
                    "value": "us-east-1a,us-east-1b,us-east-1c"
                },
                "private_subnets": {
                    "sensitive": false,
                    "type": "string",
                    "value": "subnet-2ee21b66,subnet-6f878234,subnet-40e3a325"
                },
                "public_availability_zones": {
                    "sensitive": false,
                    "type": "string",
                    "value": "us-east-1a,us-east-1b,us-east-1c"
                },
                "public_subnets": {
                    "sensitive": false,
                    "type": "string",
                    "value": "subnet-19ef1651,subnet-a68782fd,subnet-93e3a3f6"
                },
                "vpc_id": {
                    "sensitive": false,
                    "type": "string",
                    "value": "vpc-b0416cd6"
                }
            },
            "resources": {
                "aws_internet_gateway.vpc": {
                    "type": "aws_internet_gateway",
                    "depends_on": [
                        "aws_vpc.vpc"
                    ],
                    "primary": {
                        "id": "igw-89de39ef",
                        "attributes": {
                            "id": "igw-89de39ef",
                            "tags.%": "0",
                            "vpc_id": "vpc-b0416cd6"
                        },
                        "meta": {},
                        "tainted": false
                    },
                    "deposed": [],
                    "provider": ""
                },
                "aws_route_table.private": {
                    "type": "aws_route_table",
                    "depends_on": [
                        "aws_vpc.vpc"
                    ],
                    "primary": {
                        "id": "rtb-1fc1bd66",
                        "attributes": {
                            "id": "rtb-1fc1bd66",
                            "propagating_vgws.#": "0",
                            "route.#": "0",
                            "tags.%": "1",
                            "tags.Name": "rt-eventstore-vpc-private",
                            "vpc_id": "vpc-b0416cd6"
                        },
                        "meta": {},
                        "tainted": false
                    },
                    "deposed": [],
                    "provider": ""
                },
                "aws_route_table.public": {
                    "type": "aws_route_table",
                    "depends_on": [
                        "aws_internet_gateway.vpc",
                        "aws_vpc.vpc"
                    ],
                    "primary": {
                        "id": "rtb-953d42ec",
                        "attributes": {
                            "id": "rtb-953d42ec",
                            "propagating_vgws.#": "0",
                            "route.#": "1",
                            "route.2392934636.cidr_block": "0.0.0.0/0",
                            "route.2392934636.gateway_id": "igw-89de39ef",
                            "route.2392934636.instance_id": "",
                            "route.2392934636.nat_gateway_id": "",
                            "route.2392934636.network_interface_id": "",
                            "route.2392934636.vpc_peering_connection_id": "",
                            "tags.%": "1",
                            "tags.Name": "rt-eventstore-vpc-public",
                            "vpc_id": "vpc-b0416cd6"
                        },
                        "meta": {},
                        "tainted": false
                    },
                    "deposed": [],
                    "provider": ""
                },
                "aws_route_table_association.private.0": {
                    "type": "aws_route_table_association",
                    "depends_on": [
                        "aws_route_table.private",
                        "aws_subnet.private"
                    ],
                    "primary": {
                        "id": "rtbassoc-a1d2c3d9",
                        "attributes": {
                            "id": "rtbassoc-a1d2c3d9",
                            "route_table_id": "rtb-1fc1bd66",
                            "subnet_id": "subnet-2ee21b66"
                        },
                        "meta": {},
                        "tainted": false
                    },
                    "deposed": [],
                    "provider": ""
                },
                "aws_route_table_association.private.1": {
                    "type": "aws_route_table_association",
                    "depends_on": [
                        "aws_route_table.private",
                        "aws_subnet.private"
                    ],
                    "primary": {
                        "id": "rtbassoc-36d5c44e",
                        "attributes": {
                            "id": "rtbassoc-36d5c44e",
                            "route_table_id": "rtb-1fc1bd66",
                            "subnet_id": "subnet-6f878234"
                        },
                        "meta": {},
                        "tainted": false
                    },
                    "deposed": [],
                    "provider": ""
                },
                "aws_route_table_association.private.2": {
                    "type": "aws_route_table_association",
                    "depends_on": [
                        "aws_route_table.private",
                        "aws_subnet.private"
                    ],
                    "primary": {
                        "id": "rtbassoc-ddd1c0a5",
                        "attributes": {
                            "id": "rtbassoc-ddd1c0a5",
                            "route_table_id": "rtb-1fc1bd66",
                            "subnet_id": "subnet-40e3a325"
                        },
                        "meta": {},
                        "tainted": false
                    },
                    "deposed": [],
                    "provider": ""
                },
                "aws_route_table_association.public.0": {
                    "type": "aws_route_table_association",
                    "depends_on": [
                        "aws_route_table.public",
                        "aws_subnet.public"
                    ],
                    "primary": {
                        "id": "rtbassoc-c3d3c2bb",
                        "attributes": {
                            "id": "rtbassoc-c3d3c2bb",
                            "route_table_id": "rtb-953d42ec",
                            "subnet_id": "subnet-19ef1651"
                        },
                        "meta": {},
                        "tainted": false
                    },
                    "deposed": [],
                    "provider": ""
                },
                "aws_route_table_association.public.1": {
                    "type": "aws_route_table_association",
                    "depends_on": [
                        "aws_route_table.public",
                        "aws_subnet.public"
                    ],
                    "primary": {
                        "id": "rtbassoc-37d5c44f",
                        "attributes": {
                            "id": "rtbassoc-37d5c44f",
                            "route_table_id": "rtb-953d42ec",
                            "subnet_id": "subnet-a68782fd"
                        },
                        "meta": {},
                        "tainted": false
                    },
                    "deposed": [],
                    "provider": ""
                },
                "aws_route_table_association.public.2": {
                    "type": "aws_route_table_association",
                    "depends_on": [
                        "aws_route_table.public",
                        "aws_subnet.public"
                    ],
                    "primary": {
                        "id": "rtbassoc-28d5c450",
                        "attributes": {
                            "id": "rtbassoc-28d5c450",
                            "route_table_id": "rtb-953d42ec",
                            "subnet_id": "subnet-93e3a3f6"
                        },
                        "meta": {},
                        "tainted": false
                    },
                    "deposed": [],
                    "provider": ""
                },
                "aws_subnet.private.0": {
                    "type": "aws_subnet",
                    "depends_on": [
                        "aws_vpc.vpc"
                    ],
                    "primary": {
                        "id": "subnet-2ee21b66",
                        "attributes": {
                            "availability_zone": "us-east-1a",
                            "cidr_block": "10.15.160.0/19",
                            "id": "subnet-2ee21b66",
                            "map_public_ip_on_launch": "false",
                            "tags.%": "2",
                            "tags.Name": "sn-eventstore-vpc-private-0",
                            "tags.network": "private",
                            "vpc_id": "vpc-b0416cd6"
                        },
                        "meta": {},
                        "tainted": false
                    },
                    "deposed": [],
                    "provider": ""
                },
                "aws_subnet.private.1": {
                    "type": "aws_subnet",
                    "depends_on": [
                        "aws_vpc.vpc"
                    ],
                    "primary": {
                        "id": "subnet-6f878234",
                        "attributes": {
                            "availability_zone": "us-east-1b",
                            "cidr_block": "10.15.192.0/19",
                            "id": "subnet-6f878234",
                            "map_public_ip_on_launch": "false",
                            "tags.%": "2",
                            "tags.Name": "sn-eventstore-vpc-private-1",
                            "tags.network": "private",
                            "vpc_id": "vpc-b0416cd6"
                        },
                        "meta": {},
                        "tainted": false
                    },
                    "deposed": [],
                    "provider": ""
                },
                "aws_subnet.private.2": {
                    "type": "aws_subnet",
                    "depends_on": [
                        "aws_vpc.vpc"
                    ],
                    "primary": {
                        "id": "subnet-40e3a325",
                        "attributes": {
                            "availability_zone": "us-east-1c",
                            "cidr_block": "10.15.224.0/19",
                            "id": "subnet-40e3a325",
                            "map_public_ip_on_launch": "false",
                            "tags.%": "2",
                            "tags.Name": "sn-eventstore-vpc-private-2",
                            "tags.network": "private",
                            "vpc_id": "vpc-b0416cd6"
                        },
                        "meta": {},
                        "tainted": false
                    },
                    "deposed": [],
                    "provider": ""
                },
                "aws_subnet.public.0": {
                    "type": "aws_subnet",
                    "depends_on": [
                        "aws_vpc.vpc"
                    ],
                    "primary": {
                        "id": "subnet-19ef1651",
                        "attributes": {
                            "availability_zone": "us-east-1a",
                            "cidr_block": "10.15.0.0/21",
                            "id": "subnet-19ef1651",
                            "map_public_ip_on_launch": "true",
                            "tags.%": "1",
                            "tags.Name": "sn-eventstore-vpc-public-0",
                            "vpc_id": "vpc-b0416cd6"
                        },
                        "meta": {},
                        "tainted": false
                    },
                    "deposed": [],
                    "provider": ""
                },
                "aws_subnet.public.1": {
                    "type": "aws_subnet",
                    "depends_on": [
                        "aws_vpc.vpc"
                    ],
                    "primary": {
                        "id": "subnet-a68782fd",
                        "attributes": {
                            "availability_zone": "us-east-1b",
                            "cidr_block": "10.15.8.0/21",
                            "id": "subnet-a68782fd",
                            "map_public_ip_on_launch": "true",
                            "tags.%": "1",
                            "tags.Name": "sn-eventstore-vpc-public-1",
                            "vpc_id": "vpc-b0416cd6"
                        },
                        "meta": {},
                        "tainted": false
                    },
                    "deposed": [],
                    "provider": ""
                },
                "aws_subnet.public.2": {
                    "type": "aws_subnet",
                    "depends_on": [
                        "aws_vpc.vpc"
                    ],
                    "primary": {
                        "id": "subnet-93e3a3f6",
                        "attributes": {
                            "availability_zone": "us-east-1c",
                            "cidr_block": "10.15.16.0/21",
                            "id": "subnet-93e3a3f6",
                            "map_public_ip_on_launch": "true",
                            "tags.%": "1",
                            "tags.Name": "sn-eventstore-vpc-public-2",
                            "vpc_id": "vpc-b0416cd6"
                        },
                        "meta": {},
                        "tainted": false
                    },
                    "deposed": [],
                    "provider": ""
                },
                "aws_vpc.vpc": {
                    "type": "aws_vpc",
                    "depends_on": [],
                    "primary": {
                        "id": "vpc-b0416cd6",
                        "attributes": {
                            "cidr_block": "10.15.0.0/16",
                            "default_network_acl_id": "acl-b0639ac9",
                            "default_route_table_id": "rtb-1ac1bd63",
                            "default_security_group_id": "sg-c9810db6",
                            "dhcp_options_id": "dopt-cb48bdac",
                            "enable_classiclink": "false",
                            "enable_dns_hostnames": "false",
                            "enable_dns_support": "true",
                            "id": "vpc-b0416cd6",
                            "instance_tenancy": "default",
                            "main_route_table_id": "rtb-1ac1bd63",
                            "tags.%": "1",
                            "tags.Name": "vpc-eventstore-vpc"
                        },
                        "meta": {},
                        "tainted": false
                    },
                    "deposed": [],
                    "provider": ""
                }
            },
            "depends_on": []
        },
        {
            "path": [
                "root",
                "eventstore_vpn"
            ],
            "outputs": {
                "vpn_setup_command": {
                    "sensitive": false,
                    "type": "string",
                    "value": "ssh openvpnas@34.207.182.171"
                },
                "vpn_web_console": {
                    "sensitive": false,
                    "type": "string",
                    "value": "https://34.207.182.171/"
                }
            },
            "resources": {
                "aws_instance.openvpn": {
                    "type": "aws_instance",
                    "depends_on": [
                        "aws_security_group.openvpn"
                    ],
                    "primary": {
                        "id": "i-02f8b28a53b44aae7",
                        "attributes": {
                            "ami": "ami-44aaf953",
                            "associate_public_ip_address": "true",
                            "availability_zone": "us-east-1a",
                            "disable_api_termination": "false",
                            "ebs_block_device.#": "0",
                            "ebs_optimized": "false",
                            "ephemeral_block_device.#": "0",
                            "iam_instance_profile": "",
                            "id": "i-02f8b28a53b44aae7",
                            "instance_state": "running",
                            "instance_type": "t2.micro",
                            "key_name": "es-infrastructure-deployer-key",
                            "monitoring": "false",
                            "network_interface_id": "eni-1dc74eff",
                            "private_dns": "ip-10-15-5-140.ec2.internal",
                            "private_ip": "10.15.5.140",
                            "public_dns": "",
                            "public_ip": "34.207.182.171",
                            "root_block_device.#": "1",
                            "root_block_device.0.delete_on_termination": "true",
                            "root_block_device.0.iops": "0",
                            "root_block_device.0.volume_size": "8",
                            "root_block_device.0.volume_type": "standard",
                            "security_groups.#": "0",
                            "source_dest_check": "true",
                            "subnet_id": "subnet-19ef1651",
                            "tags.%": "1",
                            "tags.Name": "eventstore_vpn VPN Node",
                            "tenancy": "default",
                            "user_data": "c90f7675d0baa9a96685f87531b77ee7b137d025",
                            "vpc_security_group_ids.#": "1",
                            "vpc_security_group_ids.4022642029": "sg-ce9d11b1"
                        },
                        "meta": {
                            "schema_version": "1"
                        },
                        "tainted": false
                    },
                    "deposed": [],
                    "provider": ""
                },
                "aws_security_group.openvpn": {
                    "type": "aws_security_group",
                    "depends_on": [],
                    "primary": {
                        "id": "sg-ce9d11b1",
                        "attributes": {
                            "description": "Security group for Open VPN instances",
                            "egress.#": "2",
                            "egress.1403647648.cidr_blocks.#": "1",
                            "egress.1403647648.cidr_blocks.0": "0.0.0.0/0",
                            "egress.1403647648.from_port": "0",
                            "egress.1403647648.prefix_list_ids.#": "0",
                            "egress.1403647648.protocol": "tcp",
                            "egress.1403647648.security_groups.#": "0",
                            "egress.1403647648.self": "false",
                            "egress.1403647648.to_port": "65535",
                            "egress.2096121517.cidr_blocks.#": "1",
                            "egress.2096121517.cidr_blocks.0": "0.0.0.0/0",
                            "egress.2096121517.from_port": "0",
                            "egress.2096121517.prefix_list_ids.#": "0",
                            "egress.2096121517.protocol": "udp",
                            "egress.2096121517.security_groups.#": "0",
                            "egress.2096121517.self": "false",
                            "egress.2096121517.to_port": "65535",
                            "id": "sg-ce9d11b1",
                            "ingress.#": "4",
                            "ingress.2541437006.cidr_blocks.#": "1",
                            "ingress.2541437006.cidr_blocks.0": "0.0.0.0/0",
                            "ingress.2541437006.from_port": "22",
                            "ingress.2541437006.protocol": "tcp",
                            "ingress.2541437006.security_groups.#": "0",
                            "ingress.2541437006.self": "false",
                            "ingress.2541437006.to_port": "22",
                            "ingress.2617001939.cidr_blocks.#": "1",
                            "ingress.2617001939.cidr_blocks.0": "0.0.0.0/0",
                            "ingress.2617001939.from_port": "443",
                            "ingress.2617001939.protocol": "tcp",
                            "ingress.2617001939.security_groups.#": "0",
                            "ingress.2617001939.self": "false",
                            "ingress.2617001939.to_port": "443",
                            "ingress.2870960532.cidr_blocks.#": "1",
                            "ingress.2870960532.cidr_blocks.0": "0.0.0.0/0",
                            "ingress.2870960532.from_port": "943",
                            "ingress.2870960532.protocol": "tcp",
                            "ingress.2870960532.security_groups.#": "0",
                            "ingress.2870960532.self": "false",
                            "ingress.2870960532.to_port": "943",
                            "ingress.4178520169.cidr_blocks.#": "1",
                            "ingress.4178520169.cidr_blocks.0": "0.0.0.0/0",
                            "ingress.4178520169.from_port": "1194",
                            "ingress.4178520169.protocol": "udp",
                            "ingress.4178520169.security_groups.#": "0",
                            "ingress.4178520169.self": "false",
                            "ingress.4178520169.to_port": "1194",
                            "name": "openvpn-sg",
                            "owner_id": "641824748785",
                            "tags.%": "1",
                            "tags.Name": "OpenVPN",
                            "vpc_id": "vpc-b0416cd6"
                        },
                        "meta": {},
                        "tainted": false
                    },
                    "deposed": [],
                    "provider": ""
                }
            },
            "depends_on": []
        }
    ]
}
