{
    "version": 3,
    "terraform_version": "0.8.5",
    "serial": 9,
    "lineage": "0d06c864-7fee-4aac-b181-be87bc42105b",
    "modules": [
        {
            "path": [
                "root"
            ],
            "outputs": {},
            "resources": {
                "aws_key_pair.deployer": {
                    "type": "aws_key_pair",
                    "depends_on": [],
                    "primary": {
                        "id": "es-cluster-deployer-key",
                        "attributes": {
                            "id": "es-cluster-deployer-key",
                            "key_name": "es-cluster-deployer-key",
                            "public_key": "ssh-rsa AAAAB3NzaC1yc2EAAAADAQABAAACAQCZjo5sayAMrGpSU0cpeBPtMrsQPKCAP48SxyimEZWmvgTPCgH3GE2YSBZr01RizTefA+Opy44t2s4x4l4Ysisl5WmGC3NAvleVQGq8gbYJGfimSn+VbksRxbOJA2bSuicIQBx4o62MctfDoB03P5/oN+QX2XYhOIBo20VARcFngj/l/RDAGrtxDoKvevLZ3ZAbOoBHweqAqE3ZeQwsFVVsiB+mxhX8HrcwNFMawsjAFGxC72wrnpa/rJp+Vw0na62hWCKejFXKkZCSggKMcyA6iiwFBWEUej51ciT6SiJYhOeezt+La6bAHty3c3/+LZkI4rgaDiEGwifzxiCzN2Axc/WA8mDv4ejgYp4MnjGl+QZ+G21ScF2tl6Mlf7oUPb5GGYT2lRLUxwaAFXPULgAwnnu+tvxQN8TTkAP6q41x5VTvLTq+duQa8vyI+ifkf0oRmUa0VMRF0o0b4FLJT4qw5yV+Z5VjavBwPnHgsq/F5Y8Wx+ew0zu8TclmKYj/H7RKxOvNUrz9EZP3B1yCOXM2Roo691IKFOldek977rff1Fsj2W6FqQJGRKLxxxH1Nd08kzWkIYkBiXmlS+eIX064BMZt+6sarYlTyA0+ttYOuBYJDNGZhzmw9+4y8HYbm7Olg9jsD10muoE2mn0fXQJLz93QUKUi9H7EtKt3opSHPw== pieter@pieterg.com"
                        },
                        "meta": {
                            "schema_version": "1"
                        },
                        "tainted": false
                    },
                    "deposed": [],
                    "provider": ""
                }
            },
            "depends_on": []
        },
        {
            "path": [
                "root",
                "eventstore_cluster"
            ],
            "outputs": {},
            "resources": {
                "aws_autoscaling_group.eventstore": {
                    "type": "aws_autoscaling_group",
                    "depends_on": [
                        "aws_launch_configuration.eventstore"
                    ],
                    "primary": {
                        "id": "eventstore-asg-eventstore-cluster",
                        "attributes": {
                            "arn": "arn:aws:autoscaling:us-east-1:641824748785:autoScalingGroup:8deea2da-1f6e-4191-ad4f-556ac3047401:autoScalingGroupName/eventstore-asg-eventstore-cluster",
                            "availability_zones.#": "3",
                            "availability_zones.1305112097": "us-east-1b",
                            "availability_zones.3569565595": "us-east-1a",
                            "availability_zones.986537655": "us-east-1c",
                            "default_cooldown": "30",
                            "desired_capacity": "3",
                            "force_delete": "true",
                            "health_check_grace_period": "300",
                            "health_check_type": "EC2",
                            "id": "eventstore-asg-eventstore-cluster",
                            "launch_configuration": "terraform-00b298280333a4f0f132aa0b38",
                            "load_balancers.#": "1",
                            "load_balancers.1936190056": "eventstore-elb",
                            "max_size": "3",
                            "metrics_granularity": "1Minute",
                            "min_size": "3",
                            "name": "eventstore-asg-eventstore-cluster",
                            "placement_group": "",
                            "protect_from_scale_in": "false",
                            "suspended_processes.#": "0",
                            "tag.#": "1",
                            "tag.1856707946.key": "Name",
                            "tag.1856707946.propagate_at_launch": "true",
                            "tag.1856707946.value": "eventstore-cluster-eventstore",
                            "target_group_arns.#": "0",
                            "termination_policies.#": "0",
                            "vpc_zone_identifier.#": "3",
                            "vpc_zone_identifier.1957757534": "subnet-2ee21b66",
                            "vpc_zone_identifier.2772777954": "subnet-40e3a325",
                            "vpc_zone_identifier.992900659": "subnet-6f878234",
                            "wait_for_capacity_timeout": "10m"
                        },
                        "meta": {},
                        "tainted": false
                    },
                    "deposed": [],
                    "provider": ""
                },
                "aws_iam_instance_profile.eventstore": {
                    "type": "aws_iam_instance_profile",
                    "depends_on": [
                        "aws_iam_role.backup_bucket"
                    ],
                    "primary": {
                        "id": "EventStore-Instance",
                        "attributes": {
                            "arn": "arn:aws:iam::641824748785:instance-profile/EventStore-Instance",
                            "id": "EventStore-Instance",
                            "name": "EventStore-Instance",
                            "path": "/",
                            "roles.#": "1",
                            "roles.3826912114": "EventStore-Backup"
                        },
                        "meta": {},
                        "tainted": false
                    },
                    "deposed": [],
                    "provider": ""
                },
                "aws_iam_role.backup_bucket": {
                    "type": "aws_iam_role",
                    "depends_on": [],
                    "primary": {
                        "id": "EventStore-Backup",
                        "attributes": {
                            "arn": "arn:aws:iam::641824748785:role/EventStore-Backup",
                            "assume_role_policy": "{\n    \"Version\": \"2012-10-17\",\n    \"Statement\": [\n        {\n            \"Action\": \"sts:AssumeRole\",\n            \"Principal\": {\n                \"Service\": \"ec2.amazonaws.com\"\n            },\n            \"Effect\": \"Allow\",\n            \"Sid\": \"\"\n        }\n    ]\n}\n",
                            "create_date": "2017-03-28T09:02:48Z",
                            "id": "EventStore-Backup",
                            "name": "EventStore-Backup",
                            "path": "/",
                            "unique_id": "AROAIVWX2PWULIMBAYU6Q"
                        },
                        "meta": {},
                        "tainted": false
                    },
                    "deposed": [],
                    "provider": ""
                },
                "aws_iam_role_policy.backup_bucket": {
                    "type": "aws_iam_role_policy",
                    "depends_on": [
                        "aws_iam_role.backup_bucket",
                        "template_file.backup_bucket_role_policy"
                    ],
                    "primary": {
                        "id": "EventStore-Backup:EventStore-Backup",
                        "attributes": {
                            "id": "EventStore-Backup:EventStore-Backup",
                            "name": "EventStore-Backup",
                            "policy": "{\n    \"Statement\": [\n        {\n            \"Effect\": \"Allow\",\n            \"Resource\": [\n                \"arn:aws:s3:::eventstore-backup-bucket-2/us-east-1/eventstore/eventstore-cluster/\",\n                \"arn:aws:s3:::eventstore-backup-bucket-2/us-east-1/eventstore/eventstore-cluster/*\"\n            ],\n            \"Action\": [ \n                \"s3:*\"\n            ]\n        },\n        {\n            \"Effect\": \"Allow\",\n            \"Resource\": \"arn:aws:s3:::*\",\n            \"Action\": [\n                \"s3:ListAllMyBuckets\"\n            ]\n        },\n        {\n            \"Effect\": \"Allow\",\n            \"Resource\": [\n                \"arn:aws:s3:::eventstore-backup-bucket-2\",\n                \"arn:aws:s3:::eventstore-backup-bucket-2/*\"\n            ],\n            \"Action\": [\n                \"s3:GetBucket*\", \n                \"s3:List*\" \n            ]\n        },\n        {\n            \"Effect\": \"Allow\",\n            \"Resource\": [\n                \"*\"\n            ],\n            \"Action\": [ \n                \"autoscaling:DescribeAutoScalingGroups\",\n                \"autoscaling:DescribeAutoScalingInstances\",\n                \"ec2:DescribeAvailabilityZones\",\n                \"ec2:DescribeInstanceAttribute\",\n                \"ec2:DescribeInstanceStatus\",\n                \"ec2:DescribeInstances\",\n                \"ec2:DescribeTags\"\n            ]\n        }\n    ]\n}\n",
                            "role": "EventStore-Backup"
                        },
                        "meta": {},
                        "tainted": false
                    },
                    "deposed": [],
                    "provider": ""
                },
                "aws_launch_configuration.eventstore": {
                    "type": "aws_launch_configuration",
                    "depends_on": [
                        "aws_iam_instance_profile.eventstore",
                        "aws_security_group.eventstore_app",
                        "aws_security_group.eventstore_ops"
                    ],
                    "primary": {
                        "id": "terraform-00b298280333a4f0f132aa0b38",
                        "attributes": {
                            "associate_public_ip_address": "false",
                            "ebs_block_device.#": "0",
                            "ebs_optimized": "false",
                            "enable_monitoring": "true",
                            "ephemeral_block_device.#": "0",
                            "iam_instance_profile": "EventStore-Instance",
                            "id": "terraform-00b298280333a4f0f132aa0b38",
                            "image_id": "ami-2bfe473d",
                            "instance_type": "t2.medium",
                            "key_name": "es-cluster-deployer-key",
                            "name": "terraform-00b298280333a4f0f132aa0b38",
                            "root_block_device.#": "0",
                            "security_groups.#": "2",
                            "security_groups.2814639009": "sg-c4aa26bb",
                            "security_groups.3424067403": "sg-89a925f6",
                            "spot_price": "",
                            "vpc_classic_link_id": "",
                            "vpc_classic_link_security_groups.#": "0"
                        },
                        "meta": {},
                        "tainted": false
                    },
                    "deposed": [],
                    "provider": ""
                },
                "aws_s3_bucket.backup": {
                    "type": "aws_s3_bucket",
                    "depends_on": [
                        "template_file.backup_bucket_policy"
                    ],
                    "primary": {
                        "id": "eventstore-backup-bucket-2",
                        "attributes": {
                            "acceleration_status": "",
                            "acl": "private",
                            "arn": "arn:aws:s3:::eventstore-backup-bucket-2",
                            "bucket": "eventstore-backup-bucket-2",
                            "bucket_domain_name": "eventstore-backup-bucket-2.s3.amazonaws.com",
                            "force_destroy": "false",
                            "hosted_zone_id": "Z3AQBSTGFYJSTF",
                            "id": "eventstore-backup-bucket-2",
                            "policy": "{\"Statement\":[{\"Action\":\"s3:*\",\"Effect\":\"Allow\",\"Principal\":{\"AWS\":\"*\"},\"Resource\":[\"arn:aws:s3:::eventstore-backup-bucket-2/*\",\"arn:aws:s3:::eventstore-backup-bucket-2\"],\"Sid\":\"\"}],\"Version\":\"2012-10-17\"}",
                            "region": "us-east-1",
                            "request_payer": "BucketOwner",
                            "tags.%": "0",
                            "versioning.#": "1",
                            "versioning.0.enabled": "false",
                            "versioning.0.mfa_delete": "false",
                            "website.#": "0"
                        },
                        "meta": {},
                        "tainted": false
                    },
                    "deposed": [],
                    "provider": ""
                },
                "aws_security_group.eventstore_app": {
                    "type": "aws_security_group",
                    "depends_on": [],
                    "primary": {
                        "id": "sg-c4aa26bb",
                        "attributes": {
                            "description": "Security group for application concerns on Event Store instances",
                            "egress.#": "1",
                            "egress.1403647648.cidr_blocks.#": "1",
                            "egress.1403647648.cidr_blocks.0": "0.0.0.0/0",
                            "egress.1403647648.from_port": "0",
                            "egress.1403647648.prefix_list_ids.#": "0",
                            "egress.1403647648.protocol": "tcp",
                            "egress.1403647648.security_groups.#": "0",
                            "egress.1403647648.self": "false",
                            "egress.1403647648.to_port": "65535",
                            "id": "sg-c4aa26bb",
                            "ingress.#": "6",
                            "ingress.149855372.cidr_blocks.#": "0",
                            "ingress.149855372.from_port": "2112",
                            "ingress.149855372.protocol": "tcp",
                            "ingress.149855372.security_groups.#": "0",
                            "ingress.149855372.self": "true",
                            "ingress.149855372.to_port": "2112",
                            "ingress.1728631517.cidr_blocks.#": "0",
                            "ingress.1728631517.from_port": "2113",
                            "ingress.1728631517.protocol": "tcp",
                            "ingress.1728631517.security_groups.#": "0",
                            "ingress.1728631517.self": "true",
                            "ingress.1728631517.to_port": "2113",
                            "ingress.1816939372.cidr_blocks.#": "1",
                            "ingress.1816939372.cidr_blocks.0": "0.0.0.0/0",
                            "ingress.1816939372.from_port": "1113",
                            "ingress.1816939372.protocol": "tcp",
                            "ingress.1816939372.security_groups.#": "0",
                            "ingress.1816939372.self": "false",
                            "ingress.1816939372.to_port": "1113",
                            "ingress.3091165615.cidr_blocks.#": "0",
                            "ingress.3091165615.from_port": "1113",
                            "ingress.3091165615.protocol": "tcp",
                            "ingress.3091165615.security_groups.#": "0",
                            "ingress.3091165615.self": "true",
                            "ingress.3091165615.to_port": "1113",
                            "ingress.3621339134.cidr_blocks.#": "0",
                            "ingress.3621339134.from_port": "1112",
                            "ingress.3621339134.protocol": "tcp",
                            "ingress.3621339134.security_groups.#": "0",
                            "ingress.3621339134.self": "true",
                            "ingress.3621339134.to_port": "1112",
                            "ingress.486594599.cidr_blocks.#": "1",
                            "ingress.486594599.cidr_blocks.0": "0.0.0.0/0",
                            "ingress.486594599.from_port": "2113",
                            "ingress.486594599.protocol": "tcp",
                            "ingress.486594599.security_groups.#": "0",
                            "ingress.486594599.self": "false",
                            "ingress.486594599.to_port": "2113",
                            "name": "eventstore-app-sg",
                            "owner_id": "641824748785",
                            "tags.%": "1",
                            "tags.Name": "eventstore-sg",
                            "vpc_id": "vpc-b0416cd6"
                        },
                        "meta": {},
                        "tainted": false
                    },
                    "deposed": [],
                    "provider": ""
                },
                "aws_security_group.eventstore_ops": {
                    "type": "aws_security_group",
                    "depends_on": [],
                    "primary": {
                        "id": "sg-89a925f6",
                        "attributes": {
                            "description": "Security group for operations concerns on Event Store instances",
                            "egress.#": "1",
                            "egress.175581810.cidr_blocks.#": "1",
                            "egress.175581810.cidr_blocks.0": "0.0.0.0/0",
                            "egress.175581810.from_port": "123",
                            "egress.175581810.prefix_list_ids.#": "0",
                            "egress.175581810.protocol": "udp",
                            "egress.175581810.security_groups.#": "0",
                            "egress.175581810.self": "false",
                            "egress.175581810.to_port": "123",
                            "id": "sg-89a925f6",
                            "ingress.#": "2",
                            "ingress.1867242791.cidr_blocks.#": "0",
                            "ingress.1867242791.from_port": "2113",
                            "ingress.1867242791.protocol": "tcp",
                            "ingress.1867242791.security_groups.#": "1",
                            "ingress.1867242791.security_groups.2610293827": "sg-379d1148",
                            "ingress.1867242791.self": "false",
                            "ingress.1867242791.to_port": "2113",
                            "ingress.2541437006.cidr_blocks.#": "1",
                            "ingress.2541437006.cidr_blocks.0": "0.0.0.0/0",
                            "ingress.2541437006.from_port": "22",
                            "ingress.2541437006.protocol": "tcp",
                            "ingress.2541437006.security_groups.#": "0",
                            "ingress.2541437006.self": "false",
                            "ingress.2541437006.to_port": "22",
                            "name": "eventstore-ops-sg",
                            "owner_id": "641824748785",
                            "tags.%": "1",
                            "tags.Name": "eventstore-ops-sg",
                            "vpc_id": "vpc-b0416cd6"
                        },
                        "meta": {},
                        "tainted": false
                    },
                    "deposed": [],
                    "provider": ""
                },
                "template_file.backup_bucket_policy": {
                    "type": "template_file",
                    "depends_on": [],
                    "primary": {
                        "id": "445c7c66d1c951594ce0294825808c2f5ba39cf1d0910a527dc7808b55ae7cf9",
                        "attributes": {
                            "filename": ".terraform/modules/77e6a11008c283a4374c38a53379cad4/templates/bucket-access-policy.tmpl",
                            "id": "445c7c66d1c951594ce0294825808c2f5ba39cf1d0910a527dc7808b55ae7cf9",
                            "rendered": "{\n    \"Version\": \"2012-10-17\",\n    \"Statement\": [\n        {\n            \"Sid\": \"\",\n            \"Effect\": \"Allow\",\n            \"Principal\": {\n                \"AWS\": \"*\"\n            },\n            \"Action\": \"s3:*\",\n            \"Resource\": [\n                \"arn:aws:s3:::eventstore-backup-bucket-2/*\",\n                \"arn:aws:s3:::eventstore-backup-bucket-2\"\n            ]\n        }\n    ]\n}\n",
                            "vars.%": "1",
                            "vars.bucket_name": "eventstore-backup-bucket-2"
                        },
                        "meta": {},
                        "tainted": false
                    },
                    "deposed": [],
                    "provider": ""
                },
                "template_file.backup_bucket_role_policy": {
                    "type": "template_file",
                    "depends_on": [
                        "aws_s3_bucket.backup"
                    ],
                    "primary": {
                        "id": "78dd44f964bb2dc6f47aeb25abb0052ebfb2661272a20e2eb01b7205102319c9",
                        "attributes": {
                            "filename": ".terraform/modules/77e6a11008c283a4374c38a53379cad4/templates/eventstore-backup-role.tmpl",
                            "id": "78dd44f964bb2dc6f47aeb25abb0052ebfb2661272a20e2eb01b7205102319c9",
                            "rendered": "{\n    \"Statement\": [\n        {\n            \"Effect\": \"Allow\",\n            \"Resource\": [\n                \"arn:aws:s3:::eventstore-backup-bucket-2/us-east-1/eventstore/eventstore-cluster/\",\n                \"arn:aws:s3:::eventstore-backup-bucket-2/us-east-1/eventstore/eventstore-cluster/*\"\n            ],\n            \"Action\": [ \n                \"s3:*\"\n            ]\n        },\n        {\n            \"Effect\": \"Allow\",\n            \"Resource\": \"arn:aws:s3:::*\",\n            \"Action\": [\n                \"s3:ListAllMyBuckets\"\n            ]\n        },\n        {\n            \"Effect\": \"Allow\",\n            \"Resource\": [\n                \"arn:aws:s3:::eventstore-backup-bucket-2\",\n                \"arn:aws:s3:::eventstore-backup-bucket-2/*\"\n            ],\n            \"Action\": [\n                \"s3:GetBucket*\", \n                \"s3:List*\" \n            ]\n        },\n        {\n            \"Effect\": \"Allow\",\n            \"Resource\": [\n                \"*\"\n            ],\n            \"Action\": [ \n                \"autoscaling:DescribeAutoScalingGroups\",\n                \"autoscaling:DescribeAutoScalingInstances\",\n                \"ec2:DescribeAvailabilityZones\",\n                \"ec2:DescribeInstanceAttribute\",\n                \"ec2:DescribeInstanceStatus\",\n                \"ec2:DescribeInstances\",\n                \"ec2:DescribeTags\"\n            ]\n        }\n    ]\n}\n",
                            "vars.%": "4",
                            "vars.backup_bucket_name": "eventstore-backup-bucket-2",
                            "vars.cluster_name": "eventstore-cluster",
                            "vars.node_number": "todo",
                            "vars.region": "us-east-1"
                        },
                        "meta": {},
                        "tainted": false
                    },
                    "deposed": [],
                    "provider": ""
                }
            },
            "depends_on": []
        }
    ]
}
